
Microsoft Visual Studio Solution File, Format Version 12.00
# Visual Studio Version 17
VisualStudioVersion = 17.5.33516.290
MinimumVisualStudioVersion = 10.0.40219.1
Project("{FAE04EC0-301F-11D3-BF4B-00C04F79EFBC}") = "Flat v.00.1", "Flat v.00.1\Flat v.00.1.csproj", "{40DE1F3B-92CF-476C-BA63-298A2F8378B5}"
EndProject
Global
	GlobalSection(SolutionConfigurationPlatforms) = preSolution
		Debug|Any CPU = Debug|Any CPU
		Release|Any CPU = Release|Any CPU
	EndGlobalSection
	GlobalSection(ProjectConfigurationPlatforms) = postSolution
		{40DE1F3B-92CF-476C-BA63-298A2F8378B5}.Debug|Any CPU.ActiveCfg = Debug|Any CPU
		{40DE1F3B-92CF-476C-BA63-298A2F8378B5}.Debug|Any CPU.Build.0 = Debug|Any CPU
		{40DE1F3B-92CF-476C-BA63-298A2F8378B5}.Release|Any CPU.ActiveCfg = Release|Any CPU
		{40DE1F3B-92CF-476C-BA63-298A2F8378B5}.Release|Any CPU.Build.0 = Release|Any CPU
	EndGlobalSection
	GlobalSection(SolutionProperties) = preSolution
		HideSolutionNode = FALSE
	EndGlobalSection
	GlobalSection(ExtensibilityGlobals) = postSolution
		SolutionGuid = {CBD7EAAC-6BA7-4F4D-A585-85B2A240B3D9}
	EndGlobalSection
EndGlobal
